
Microsoft Visual Studio Solution File, Format Version 12.00
# Visual Studio Express 2013 for Windows Desktop
VisualStudioVersion = 12.0.21005.1
MinimumVisualStudioVersion = 10.0.40219.1
Project("{2150E333-8FDC-42A3-9474-1A3956D46DE8}") = "Solution Items", "Solution Items", "{3B22B26A-AF53-4CB5-B9A2-A78608356B20}"
	ProjectSection(SolutionItems) = preProject
		Fe.FacturacionElectronicaV2.vsmdi = Fe.FacturacionElectronicaV2.vsmdi
		LocalTestRun.testrunconfig = LocalTestRun.testrunconfig
	EndProjectSection
EndProject
Project("{FAE04EC0-301F-11D3-BF4B-00C04F79EFBC}") = "Fe.FacturacionElectronicaV2", "Fe.FacturacionElectronicaV2\Fe.FacturacionElectronicaV2.csproj", "{DF23D3DE-FE6D-4BDA-A32E-42200E94B9E5}"
EndProject
Project("{FAE04EC0-301F-11D3-BF4B-00C04F79EFBC}") = "Fe.FacturacionElectronicaV2.Nacional", "Fe.FacturacionElectronicaV2.Nacional\Fe.FacturacionElectronicaV2.Nacional.csproj", "{7624F0CE-1152-439C-82E7-E9030482706E}"
EndProject
Project("{FAE04EC0-301F-11D3-BF4B-00C04F79EFBC}") = "Fe.FacturacionElectronicaV2.ExportacionV0", "Fe.FacturacionElectronicaV2.ExportacionV0\Fe.FacturacionElectronicaV2.ExportacionV0.csproj", "{9603AA03-EE6F-4C46-8A03-A2227BACAC35}"
EndProject
Project("{FAE04EC0-301F-11D3-BF4B-00C04F79EFBC}") = "Fe.FacturacionElectronicaV2.Core", "Fe.FacturacionElectronicaV2.Core\Fe.FacturacionElectronicaV2.Core.csproj", "{41C817D4-9EF8-45F6-BC54-9E3BAD5AD4E0}"
EndProject
Project("{FAE04EC0-301F-11D3-BF4B-00C04F79EFBC}") = "Fe.FacturacionElectronicaV2.Exportacion.Core", "Fe.FacturacionElectronicaV2.Exportacion.Core\Fe.FacturacionElectronicaV2.Exportacion.Core.csproj", "{8CF2CA85-0C3C-4E83-81BC-03D1D2E80ABF}"
EndProject
Project("{FAE04EC0-301F-11D3-BF4B-00C04F79EFBC}") = "Fe.FacturacionElectronicaMTXCA.Nacional", "Fe.FacturacionElectronicaMTXCA.Nacional\Fe.FacturacionElectronicaMTXCA.Nacional.csproj", "{600C1069-E00D-4648-8323-23BB2A581453}"
EndProject
Project("{FAE04EC0-301F-11D3-BF4B-00C04F79EFBC}") = "ProcesadorCae", "ParaProbar\ProcesadorCae.csproj", "{03A72A08-11B0-4DE7-9E06-06D386495CCA}"
EndProject
Project("{FAE04EC0-301F-11D3-BF4B-00C04F79EFBC}") = "Testeo", "Testeo\Testeo.csproj", "{AC7EE5DF-E32C-47BF-8265-67090DF1C964}"
EndProject
Global
	GlobalSection(SolutionConfigurationPlatforms) = preSolution
		Debug|Any CPU = Debug|Any CPU
		Release|Any CPU = Release|Any CPU
		Setup|Any CPU = Setup|Any CPU
	EndGlobalSection
	GlobalSection(ProjectConfigurationPlatforms) = postSolution
		{DF23D3DE-FE6D-4BDA-A32E-42200E94B9E5}.Debug|Any CPU.ActiveCfg = Debug|Any CPU
		{DF23D3DE-FE6D-4BDA-A32E-42200E94B9E5}.Debug|Any CPU.Build.0 = Debug|Any CPU
		{DF23D3DE-FE6D-4BDA-A32E-42200E94B9E5}.Release|Any CPU.ActiveCfg = Release|Any CPU
		{DF23D3DE-FE6D-4BDA-A32E-42200E94B9E5}.Release|Any CPU.Build.0 = Release|Any CPU
		{DF23D3DE-FE6D-4BDA-A32E-42200E94B9E5}.Setup|Any CPU.ActiveCfg = Setup|Any CPU
		{DF23D3DE-FE6D-4BDA-A32E-42200E94B9E5}.Setup|Any CPU.Build.0 = Setup|Any CPU
		{7624F0CE-1152-439C-82E7-E9030482706E}.Debug|Any CPU.ActiveCfg = Debug|Any CPU
		{7624F0CE-1152-439C-82E7-E9030482706E}.Debug|Any CPU.Build.0 = Debug|Any CPU
		{7624F0CE-1152-439C-82E7-E9030482706E}.Release|Any CPU.ActiveCfg = Release|Any CPU
		{7624F0CE-1152-439C-82E7-E9030482706E}.Release|Any CPU.Build.0 = Release|Any CPU
		{7624F0CE-1152-439C-82E7-E9030482706E}.Setup|Any CPU.ActiveCfg = Release|Any CPU
		{7624F0CE-1152-439C-82E7-E9030482706E}.Setup|Any CPU.Build.0 = Release|Any CPU
		{9603AA03-EE6F-4C46-8A03-A2227BACAC35}.Debug|Any CPU.ActiveCfg = Debug|Any CPU
		{9603AA03-EE6F-4C46-8A03-A2227BACAC35}.Debug|Any CPU.Build.0 = Debug|Any CPU
		{9603AA03-EE6F-4C46-8A03-A2227BACAC35}.Release|Any CPU.ActiveCfg = Release|Any CPU
		{9603AA03-EE6F-4C46-8A03-A2227BACAC35}.Release|Any CPU.Build.0 = Release|Any CPU
		{9603AA03-EE6F-4C46-8A03-A2227BACAC35}.Setup|Any CPU.ActiveCfg = Release|Any CPU
		{9603AA03-EE6F-4C46-8A03-A2227BACAC35}.Setup|Any CPU.Build.0 = Release|Any CPU
		{41C817D4-9EF8-45F6-BC54-9E3BAD5AD4E0}.Debug|Any CPU.ActiveCfg = Debug|Any CPU
		{41C817D4-9EF8-45F6-BC54-9E3BAD5AD4E0}.Debug|Any CPU.Build.0 = Debug|Any CPU
		{41C817D4-9EF8-45F6-BC54-9E3BAD5AD4E0}.Release|Any CPU.ActiveCfg = Release|Any CPU
		{41C817D4-9EF8-45F6-BC54-9E3BAD5AD4E0}.Release|Any CPU.Build.0 = Release|Any CPU
		{41C817D4-9EF8-45F6-BC54-9E3BAD5AD4E0}.Setup|Any CPU.ActiveCfg = Release|Any CPU
		{41C817D4-9EF8-45F6-BC54-9E3BAD5AD4E0}.Setup|Any CPU.Build.0 = Release|Any CPU
		{8CF2CA85-0C3C-4E83-81BC-03D1D2E80ABF}.Debug|Any CPU.ActiveCfg = Debug|Any CPU
		{8CF2CA85-0C3C-4E83-81BC-03D1D2E80ABF}.Debug|Any CPU.Build.0 = Debug|Any CPU
		{8CF2CA85-0C3C-4E83-81BC-03D1D2E80ABF}.Release|Any CPU.ActiveCfg = Release|Any CPU
		{8CF2CA85-0C3C-4E83-81BC-03D1D2E80ABF}.Release|Any CPU.Build.0 = Release|Any CPU
		{8CF2CA85-0C3C-4E83-81BC-03D1D2E80ABF}.Setup|Any CPU.ActiveCfg = Release|Any CPU
		{8CF2CA85-0C3C-4E83-81BC-03D1D2E80ABF}.Setup|Any CPU.Build.0 = Release|Any CPU
		{600C1069-E00D-4648-8323-23BB2A581453}.Debug|Any CPU.ActiveCfg = Debug|Any CPU
		{600C1069-E00D-4648-8323-23BB2A581453}.Debug|Any CPU.Build.0 = Debug|Any CPU
		{600C1069-E00D-4648-8323-23BB2A581453}.Release|Any CPU.ActiveCfg = Release|Any CPU
		{600C1069-E00D-4648-8323-23BB2A581453}.Release|Any CPU.Build.0 = Release|Any CPU
		{600C1069-E00D-4648-8323-23BB2A581453}.Setup|Any CPU.ActiveCfg = Release|Any CPU
		{600C1069-E00D-4648-8323-23BB2A581453}.Setup|Any CPU.Build.0 = Release|Any CPU
		{03A72A08-11B0-4DE7-9E06-06D386495CCA}.Debug|Any CPU.ActiveCfg = Debug|Any CPU
		{03A72A08-11B0-4DE7-9E06-06D386495CCA}.Debug|Any CPU.Build.0 = Debug|Any CPU
		{03A72A08-11B0-4DE7-9E06-06D386495CCA}.Release|Any CPU.ActiveCfg = Release|Any CPU
		{03A72A08-11B0-4DE7-9E06-06D386495CCA}.Release|Any CPU.Build.0 = Release|Any CPU
		{03A72A08-11B0-4DE7-9E06-06D386495CCA}.Setup|Any CPU.ActiveCfg = Release|Any CPU
		{03A72A08-11B0-4DE7-9E06-06D386495CCA}.Setup|Any CPU.Build.0 = Release|Any CPU
		{AC7EE5DF-E32C-47BF-8265-67090DF1C964}.Debug|Any CPU.ActiveCfg = Debug|Any CPU
		{AC7EE5DF-E32C-47BF-8265-67090DF1C964}.Debug|Any CPU.Build.0 = Debug|Any CPU
		{AC7EE5DF-E32C-47BF-8265-67090DF1C964}.Release|Any CPU.ActiveCfg = Release|Any CPU
		{AC7EE5DF-E32C-47BF-8265-67090DF1C964}.Release|Any CPU.Build.0 = Release|Any CPU
		{AC7EE5DF-E32C-47BF-8265-67090DF1C964}.Setup|Any CPU.ActiveCfg = Release|Any CPU
		{AC7EE5DF-E32C-47BF-8265-67090DF1C964}.Setup|Any CPU.Build.0 = Release|Any CPU
	EndGlobalSection
	GlobalSection(SolutionProperties) = preSolution
		HideSolutionNode = FALSE
	EndGlobalSection
	GlobalSection(TestCaseManagementSettings) = postSolution
		CategoryFile = Fe.FacturacionElectronicaV2.vsmdi
	EndGlobalSection
EndGlobal
